
Microsoft Visual Studio Solution File, Format Version 12.00
# Visual Studio 15
VisualStudioVersion = 15.0.26114.2
MinimumVisualStudioVersion = 10.0.40219.1
Project("{2150E333-8FDC-42A3-9474-1A3956D46DE8}") = "src", "src", "{F821097A-FB21-434E-8E49-42B004B939C8}"
EndProject
Project("{2150E333-8FDC-42A3-9474-1A3956D46DE8}") = "Solution Items", "Solution Items", "{C6A0091A-A0CD-4773-9300-C77E46C89AF7}"
	ProjectSection(SolutionItems) = preProject
		.gitignore = .gitignore
		README.md = README.md
	EndProjectSection
EndProject
Project("{FAE04EC0-301F-11D3-BF4B-00C04F79EFBC}") = "MongoDb.Bson.NodaTime", "src\MongoDb.Bson.NodaTime\MongoDb.Bson.NodaTime.csproj", "{C48D14DC-61D4-4F5E-B8B4-0E7A7E3855ED}"
EndProject
Project("{FAE04EC0-301F-11D3-BF4B-00C04F79EFBC}") = "MongoDb.Bson.NodaTime.Tests", "test\MongoDb.Bson.NodaTime.Tests\MongoDb.Bson.NodaTime.Tests.csproj", "{FBABBF70-BE8F-4732-9B1A-D147A98D458A}"
EndProject
Project("{2150E333-8FDC-42A3-9474-1A3956D46DE8}") = "test", "test", "{09B7B090-81C3-4CF5-A403-6D22AFA8906F}"
EndProject
Global
	GlobalSection(SolutionConfigurationPlatforms) = preSolution
		Debug|Any CPU = Debug|Any CPU
		Release|Any CPU = Release|Any CPU
	EndGlobalSection
	GlobalSection(ProjectConfigurationPlatforms) = postSolution
		{C48D14DC-61D4-4F5E-B8B4-0E7A7E3855ED}.Debug|Any CPU.ActiveCfg = Debug|Any CPU
		{C48D14DC-61D4-4F5E-B8B4-0E7A7E3855ED}.Debug|Any CPU.Build.0 = Debug|Any CPU
		{C48D14DC-61D4-4F5E-B8B4-0E7A7E3855ED}.Release|Any CPU.ActiveCfg = Release|Any CPU
		{C48D14DC-61D4-4F5E-B8B4-0E7A7E3855ED}.Release|Any CPU.Build.0 = Release|Any CPU
		{FBABBF70-BE8F-4732-9B1A-D147A98D458A}.Debug|Any CPU.ActiveCfg = Debug|Any CPU
		{FBABBF70-BE8F-4732-9B1A-D147A98D458A}.Debug|Any CPU.Build.0 = Debug|Any CPU
		{FBABBF70-BE8F-4732-9B1A-D147A98D458A}.Release|Any CPU.ActiveCfg = Release|Any CPU
		{FBABBF70-BE8F-4732-9B1A-D147A98D458A}.Release|Any CPU.Build.0 = Release|Any CPU
	EndGlobalSection
	GlobalSection(SolutionProperties) = preSolution
		HideSolutionNode = FALSE
	EndGlobalSection
	GlobalSection(NestedProjects) = preSolution
		{C48D14DC-61D4-4F5E-B8B4-0E7A7E3855ED} = {F821097A-FB21-434E-8E49-42B004B939C8}
		{FBABBF70-BE8F-4732-9B1A-D147A98D458A} = {09B7B090-81C3-4CF5-A403-6D22AFA8906F}
	EndGlobalSection
EndGlobal
