{
  "version": 1,
  "dependencies": {
    ".NETStandard,Version=v2.0": {
      "MongoDB.Bson": {
        "type": "Direct",
        "requested": "[2.13.1, )",
        "resolved": "2.13.1",
        "contentHash": "B/AI2we7YwfFuNcXr4jlCnVI5dJp+g8vkyj3Shi/bOpGhZQaxW4jK/NiiTwYvqxaMOe4MtVR+6Zlk4D2zalC7A==",
        "dependencies": {
          "System.Runtime.CompilerServices.Unsafe": "5.0.0"
        }
      },
      "NETStandard.Library": {
        "type": "Direct",
        "requested": "[2.0.3, )",
        "resolved": "2.0.3",
        "contentHash": "st47PosZSHrjECdjeIzZQbzivYBJFv6P2nv4cj2ypdI204DO+vZ7l5raGMiX4eXMJ53RfOIg+/s4DHVZ54Nu2A==",
        "dependencies": {
          "Microsoft.NETCore.Platforms": "1.1.0"
        }
      },
      "NodaTime": {
        "type": "Direct",
        "requested": "[3.0.6, )",
        "resolved": "3.0.6",
        "contentHash": "Jt+qjGV7YW3HoYAT4/MTKGI5+mw6hS+mqOr33hJB/NSacdO0QK2tnSTcmqtv7S3kgl7hYUfN/qaYW70D+o9tpQ==",
        "dependencies": {
          "System.Runtime.CompilerServices.Unsafe": "4.7.1"
        }
      },
      "Microsoft.NETCore.Platforms": {
        "type": "Transitive",
        "resolved": "1.1.0",
        "contentHash": "kz0PEW2lhqygehI/d6XsPCQzD7ff7gUJaVGPVETX611eadGsA3A877GdSlU0LRVMCTH/+P3o2iDTak+S08V2+A=="
      },
      "System.Runtime.CompilerServices.Unsafe": {
        "type": "Transitive",
        "resolved": "5.0.0",
        "contentHash": "ZD9TMpsmYJLrxbbmdvhwt9YEgG5WntEnZ/d1eH8JBX9LBp+Ju8BSBhUGbZMNVHHomWo2KVImJhTDl2hIgw/6MA=="
      }
    }
  }
}